// !$*UTF8*$!
{
	archiveVersion = 1;
	classes = {
	};
	objectVersion = 55;
	objects = {

/* Begin PBXBuildFile section */
		6B0D6F31282AD91A0098DB4B /* ScienceQuestions.txt in Resources */ = {isa = PBXBuildFile; fileRef = 6B0D6F2F282AD91A0098DB4B /* ScienceQuestions.txt */; };
		6B0D6F32282AD91A0098DB4B /* SportsQuestions.txt in Resources */ = {isa = PBXBuildFile; fileRef = 6B0D6F30282AD91A0098DB4B /* SportsQuestions.txt */; };
		6B0D6F37282AF9B00098DB4B /* SettingsView.swift in Sources */ = {isa = PBXBuildFile; fileRef = 6B0D6F36282AF9B00098DB4B /* SettingsView.swift */; };
		6B14CE0E280F69A100E72D5C /* Jost-VariableFont_wght.ttf in Resources */ = {isa = PBXBuildFile; fileRef = 6B14CE0C280F69A100E72D5C /* Jost-VariableFont_wght.ttf */; };
		6B14CE0F280F69A100E72D5C /* Jost-Italic-VariableFont_wght.ttf in Resources */ = {isa = PBXBuildFile; fileRef = 6B14CE0D280F69A100E72D5C /* Jost-Italic-VariableFont_wght.ttf */; };
		6B14CE51280F6B6500E72D5C /* Jost-Black.ttf in Resources */ = {isa = PBXBuildFile; fileRef = 6B14CE19280F6AC000E72D5C /* Jost-Black.ttf */; };
		6B14CE52280F6B6900E72D5C /* Jost-BlackItalic.ttf in Resources */ = {isa = PBXBuildFile; fileRef = 6B14CE21280F6AC000E72D5C /* Jost-BlackItalic.ttf */; };
		6B14CE53280F6B6B00E72D5C /* Jost-Bold.ttf in Resources */ = {isa = PBXBuildFile; fileRef = 6B14CE12280F6AC000E72D5C /* Jost-Bold.ttf */; };
		6B14CE54280F6B6E00E72D5C /* Jost-BoldItalic.ttf in Resources */ = {isa = PBXBuildFile; fileRef = 6B14CE16280F6AC000E72D5C /* Jost-BoldItalic.ttf */; };
		6B14CE55280F6B8000E72D5C /* Jost-ExtraBold.ttf in Resources */ = {isa = PBXBuildFile; fileRef = 6B14CE22280F6AC000E72D5C /* Jost-ExtraBold.ttf */; };
		6B14CE56280F6B8300E72D5C /* Jost-ExtraBoldItalic.ttf in Resources */ = {isa = PBXBuildFile; fileRef = 6B14CE1E280F6AC000E72D5C /* Jost-ExtraBoldItalic.ttf */; };
		6B14CE57280F6B8700E72D5C /* Jost-ExtraLight.ttf in Resources */ = {isa = PBXBuildFile; fileRef = 6B14CE15280F6AC000E72D5C /* Jost-ExtraLight.ttf */; };
		6B14CE58280F6B8A00E72D5C /* Jost-ExtraLightItalic.ttf in Resources */ = {isa = PBXBuildFile; fileRef = 6B14CE1B280F6AC000E72D5C /* Jost-ExtraLightItalic.ttf */; };
		6B14CE59280F6B8E00E72D5C /* Jost-Italic.ttf in Resources */ = {isa = PBXBuildFile; fileRef = 6B14CE20280F6AC000E72D5C /* Jost-Italic.ttf */; };
		6B14CE5A280F6B9000E72D5C /* Jost-Light.ttf in Resources */ = {isa = PBXBuildFile; fileRef = 6B14CE1D280F6AC000E72D5C /* Jost-Light.ttf */; };
		6B14CE5B280F6B9300E72D5C /* Jost-LightItalic.ttf in Resources */ = {isa = PBXBuildFile; fileRef = 6B14CE1A280F6AC000E72D5C /* Jost-LightItalic.ttf */; };
		6B14CE5C280F6B9500E72D5C /* Jost-Medium.ttf in Resources */ = {isa = PBXBuildFile; fileRef = 6B14CE11280F6AC000E72D5C /* Jost-Medium.ttf */; };
		6B14CE5D280F6B9900E72D5C /* Jost-MediumItalic.ttf in Resources */ = {isa = PBXBuildFile; fileRef = 6B14CE17280F6AC000E72D5C /* Jost-MediumItalic.ttf */; };
		6B14CE5E280F6B9B00E72D5C /* Jost-Regular.ttf in Resources */ = {isa = PBXBuildFile; fileRef = 6B14CE14280F6AC000E72D5C /* Jost-Regular.ttf */; };
		6B14CE5F280F6BA000E72D5C /* Jost-SemiBold.ttf in Resources */ = {isa = PBXBuildFile; fileRef = 6B14CE13280F6AC000E72D5C /* Jost-SemiBold.ttf */; };
		6B14CE60280F6BA600E72D5C /* Jost-SemiBoldItalic.ttf in Resources */ = {isa = PBXBuildFile; fileRef = 6B14CE1F280F6AC000E72D5C /* Jost-SemiBoldItalic.ttf */; };
		6B14CE61280F6BA900E72D5C /* Jost-Thin.ttf in Resources */ = {isa = PBXBuildFile; fileRef = 6B14CE1C280F6AC000E72D5C /* Jost-Thin.ttf */; };
		6B14CE62280F6BAC00E72D5C /* Jost-ThinItalic.ttf in Resources */ = {isa = PBXBuildFile; fileRef = 6B14CE18280F6AC000E72D5C /* Jost-ThinItalic.ttf */; };
		6B9A11DD281B3518001473A3 /* NatureQuestions.txt in Resources */ = {isa = PBXBuildFile; fileRef = 6B9A11DC281B3518001473A3 /* NatureQuestions.txt */; };
		6BA503D728187365002167E9 /* ColorView.swift in Sources */ = {isa = PBXBuildFile; fileRef = 6BA503D628187365002167E9 /* ColorView.swift */; };
		6BEFE60D280DCEFD000C5669 /* QuizzaApp.swift in Sources */ = {isa = PBXBuildFile; fileRef = 6BEFE60C280DCEFD000C5669 /* QuizzaApp.swift */; };
		6BEFE60F280DCEFD000C5669 /* ContentView.swift in Sources */ = {isa = PBXBuildFile; fileRef = 6BEFE60E280DCEFD000C5669 /* ContentView.swift */; };
		6BEFE611280DCEFE000C5669 /* Assets.xcassets in Resources */ = {isa = PBXBuildFile; fileRef = 6BEFE610280DCEFE000C5669 /* Assets.xcassets */; };
		6BEFE614280DCEFE000C5669 /* Preview Assets.xcassets in Resources */ = {isa = PBXBuildFile; fileRef = 6BEFE613280DCEFE000C5669 /* Preview Assets.xcassets */; };
/* End PBXBuildFile section */

/* Begin PBXFileReference section */
		6B0D6F2F282AD91A0098DB4B /* ScienceQuestions.txt */ = {isa = PBXFileReference; fileEncoding = 4; lastKnownFileType = text; path = ScienceQuestions.txt; sourceTree = "<group>"; };
		6B0D6F30282AD91A0098DB4B /* SportsQuestions.txt */ = {isa = PBXFileReference; fileEncoding = 4; lastKnownFileType = text; path = SportsQuestions.txt; sourceTree = "<group>"; };
		6B0D6F36282AF9B00098DB4B /* SettingsView.swift */ = {isa = PBXFileReference; lastKnownFileType = sourcecode.swift; path = SettingsView.swift; sourceTree = "<group>"; };
		6B14CE0C280F69A100E72D5C /* Jost-VariableFont_wght.ttf */ = {isa = PBXFileReference; lastKnownFileType = file; path = "Jost-VariableFont_wght.ttf"; sourceTree = "<group>"; };
		6B14CE0D280F69A100E72D5C /* Jost-Italic-VariableFont_wght.ttf */ = {isa = PBXFileReference; lastKnownFileType = file; path = "Jost-Italic-VariableFont_wght.ttf"; sourceTree = "<group>"; };
		6B14CE11280F6AC000E72D5C /* Jost-Medium.ttf */ = {isa = PBXFileReference; lastKnownFileType = file; path = "Jost-Medium.ttf"; sourceTree = "<group>"; };
		6B14CE12280F6AC000E72D5C /* Jost-Bold.ttf */ = {isa = PBXFileReference; lastKnownFileType = file; path = "Jost-Bold.ttf"; sourceTree = "<group>"; };
		6B14CE13280F6AC000E72D5C /* Jost-SemiBold.ttf */ = {isa = PBXFileReference; lastKnownFileType = file; path = "Jost-SemiBold.ttf"; sourceTree = "<group>"; };
		6B14CE14280F6AC000E72D5C /* Jost-Regular.ttf */ = {isa = PBXFileReference; lastKnownFileType = file; path = "Jost-Regular.ttf"; sourceTree = "<group>"; };
		6B14CE15280F6AC000E72D5C /* Jost-ExtraLight.ttf */ = {isa = PBXFileReference; lastKnownFileType = file; path = "Jost-ExtraLight.ttf"; sourceTree = "<group>"; };
		6B14CE16280F6AC000E72D5C /* Jost-BoldItalic.ttf */ = {isa = PBXFileReference; lastKnownFileType = file; path = "Jost-BoldItalic.ttf"; sourceTree = "<group>"; };
		6B14CE17280F6AC000E72D5C /* Jost-MediumItalic.ttf */ = {isa = PBXFileReference; lastKnownFileType = file; path = "Jost-MediumItalic.ttf"; sourceTree = "<group>"; };
		6B14CE18280F6AC000E72D5C /* Jost-ThinItalic.ttf */ = {isa = PBXFileReference; lastKnownFileType = file; path = "Jost-ThinItalic.ttf"; sourceTree = "<group>"; };
		6B14CE19280F6AC000E72D5C /* Jost-Black.ttf */ = {isa = PBXFileReference; lastKnownFileType = file; path = "Jost-Black.ttf"; sourceTree = "<group>"; };
		6B14CE1A280F6AC000E72D5C /* Jost-LightItalic.ttf */ = {isa = PBXFileReference; lastKnownFileType = file; path = "Jost-LightItalic.ttf"; sourceTree = "<group>"; };
		6B14CE1B280F6AC000E72D5C /* Jost-ExtraLightItalic.ttf */ = {isa = PBXFileReference; lastKnownFileType = file; path = "Jost-ExtraLightItalic.ttf"; sourceTree = "<group>"; };
		6B14CE1C280F6AC000E72D5C /* Jost-Thin.ttf */ = {isa = PBXFileReference; lastKnownFileType = file; path = "Jost-Thin.ttf"; sourceTree = "<group>"; };
		6B14CE1D280F6AC000E72D5C /* Jost-Light.ttf */ = {isa = PBXFileReference; lastKnownFileType = file; path = "Jost-Light.ttf"; sourceTree = "<group>"; };
		6B14CE1E280F6AC000E72D5C /* Jost-ExtraBoldItalic.ttf */ = {isa = PBXFileReference; lastKnownFileType = file; path = "Jost-ExtraBoldItalic.ttf"; sourceTree = "<group>"; };
		6B14CE1F280F6AC000E72D5C /* Jost-SemiBoldItalic.ttf */ = {isa = PBXFileReference; lastKnownFileType = file; path = "Jost-SemiBoldItalic.ttf"; sourceTree = "<group>"; };
		6B14CE20280F6AC000E72D5C /* Jost-Italic.ttf */ = {isa = PBXFileReference; lastKnownFileType = file; path = "Jost-Italic.ttf"; sourceTree = "<group>"; };
		6B14CE21280F6AC000E72D5C /* Jost-BlackItalic.ttf */ = {isa = PBXFileReference; lastKnownFileType = file; path = "Jost-BlackItalic.ttf"; sourceTree = "<group>"; };
		6B14CE22280F6AC000E72D5C /* Jost-ExtraBold.ttf */ = {isa = PBXFileReference; lastKnownFileType = file; path = "Jost-ExtraBold.ttf"; sourceTree = "<group>"; };
		6B14CE63280F6C0E00E72D5C /* Info.plist */ = {isa = PBXFileReference; lastKnownFileType = text.plist; path = Info.plist; sourceTree = "<group>"; };
		6B9A11DC281B3518001473A3 /* NatureQuestions.txt */ = {isa = PBXFileReference; fileEncoding = 4; lastKnownFileType = text; path = NatureQuestions.txt; sourceTree = "<group>"; };
		6BA503D628187365002167E9 /* ColorView.swift */ = {isa = PBXFileReference; lastKnownFileType = sourcecode.swift; path = ColorView.swift; sourceTree = "<group>"; };
		6BEFE609280DCEFD000C5669 /* Quizza.app */ = {isa = PBXFileReference; explicitFileType = wrapper.application; includeInIndex = 0; path = Quizza.app; sourceTree = BUILT_PRODUCTS_DIR; };
		6BEFE60C280DCEFD000C5669 /* QuizzaApp.swift */ = {isa = PBXFileReference; lastKnownFileType = sourcecode.swift; path = QuizzaApp.swift; sourceTree = "<group>"; };
		6BEFE60E280DCEFD000C5669 /* ContentView.swift */ = {isa = PBXFileReference; lastKnownFileType = sourcecode.swift; path = ContentView.swift; sourceTree = "<group>"; };
		6BEFE610280DCEFE000C5669 /* Assets.xcassets */ = {isa = PBXFileReference; lastKnownFileType = folder.assetcatalog; path = Assets.xcassets; sourceTree = "<group>"; };
		6BEFE613280DCEFE000C5669 /* Preview Assets.xcassets */ = {isa = PBXFileReference; lastKnownFileType = folder.assetcatalog; path = "Preview Assets.xcassets"; sourceTree = "<group>"; };
/* End PBXFileReference section */

/* Begin PBXFrameworksBuildPhase section */
		6BEFE606280DCEFD000C5669 /* Frameworks */ = {
			isa = PBXFrameworksBuildPhase;
			buildActionMask = 2147483647;
			files = (
			);
			runOnlyForDeploymentPostprocessing = 0;
		};
/* End PBXFrameworksBuildPhase section */

/* Begin PBXGroup section */
		6B0D6F33282AD9260098DB4B /* Questions */ = {
			isa = PBXGroup;
			children = (
				6B9A11DC281B3518001473A3 /* NatureQuestions.txt */,
				6B0D6F2F282AD91A0098DB4B /* ScienceQuestions.txt */,
				6B0D6F30282AD91A0098DB4B /* SportsQuestions.txt */,
			);
			path = Questions;
			sourceTree = "<group>";
		};
		6B14CE10280F69A700E72D5C /* Fonts */ = {
			isa = PBXGroup;
			children = (
				6B14CE0D280F69A100E72D5C /* Jost-Italic-VariableFont_wght.ttf */,
				6B14CE19280F6AC000E72D5C /* Jost-Black.ttf */,
				6B14CE21280F6AC000E72D5C /* Jost-BlackItalic.ttf */,
				6B14CE12280F6AC000E72D5C /* Jost-Bold.ttf */,
				6B14CE16280F6AC000E72D5C /* Jost-BoldItalic.ttf */,
				6B14CE22280F6AC000E72D5C /* Jost-ExtraBold.ttf */,
				6B14CE1E280F6AC000E72D5C /* Jost-ExtraBoldItalic.ttf */,
				6B14CE15280F6AC000E72D5C /* Jost-ExtraLight.ttf */,
				6B14CE1B280F6AC000E72D5C /* Jost-ExtraLightItalic.ttf */,
				6B14CE20280F6AC000E72D5C /* Jost-Italic.ttf */,
				6B14CE1D280F6AC000E72D5C /* Jost-Light.ttf */,
				6B14CE1A280F6AC000E72D5C /* Jost-LightItalic.ttf */,
				6B14CE11280F6AC000E72D5C /* Jost-Medium.ttf */,
				6B14CE17280F6AC000E72D5C /* Jost-MediumItalic.ttf */,
				6B14CE14280F6AC000E72D5C /* Jost-Regular.ttf */,
				6B14CE13280F6AC000E72D5C /* Jost-SemiBold.ttf */,
				6B14CE1F280F6AC000E72D5C /* Jost-SemiBoldItalic.ttf */,
				6B14CE1C280F6AC000E72D5C /* Jost-Thin.ttf */,
				6B14CE18280F6AC000E72D5C /* Jost-ThinItalic.ttf */,
				6B14CE0C280F69A100E72D5C /* Jost-VariableFont_wght.ttf */,
			);
			path = Fonts;
			sourceTree = "<group>";
		};
		6BEFE600280DCEFD000C5669 = {
			isa = PBXGroup;
			children = (
				6BEFE60B280DCEFD000C5669 /* Quizza */,
				6BEFE60A280DCEFD000C5669 /* Products */,
			);
			sourceTree = "<group>";
		};
		6BEFE60A280DCEFD000C5669 /* Products */ = {
			isa = PBXGroup;
			children = (
				6BEFE609280DCEFD000C5669 /* Quizza.app */,
			);
			name = Products;
			sourceTree = "<group>";
		};
		6BEFE60B280DCEFD000C5669 /* Quizza */ = {
			isa = PBXGroup;
			children = (
				6B14CE63280F6C0E00E72D5C /* Info.plist */,
				6BEFE60C280DCEFD000C5669 /* QuizzaApp.swift */,
				6BEFE60E280DCEFD000C5669 /* ContentView.swift */,
				6B0D6F36282AF9B00098DB4B /* SettingsView.swift */,
				6BA503D628187365002167E9 /* ColorView.swift */,
				6B0D6F33282AD9260098DB4B /* Questions */,
				6B14CE10280F69A700E72D5C /* Fonts */,
				6BEFE610280DCEFE000C5669 /* Assets.xcassets */,
				6BEFE612280DCEFE000C5669 /* Preview Content */,
			);
			path = Quizza;
			sourceTree = "<group>";
		};
		6BEFE612280DCEFE000C5669 /* Preview Content */ = {
			isa = PBXGroup;
			children = (
				6BEFE613280DCEFE000C5669 /* Preview Assets.xcassets */,
			);
			path = "Preview Content";
			sourceTree = "<group>";
		};
/* End PBXGroup section */

/* Begin PBXNativeTarget section */
		6BEFE608280DCEFD000C5669 /* Quizza */ = {
			isa = PBXNativeTarget;
			buildConfigurationList = 6BEFE617280DCEFE000C5669 /* Build configuration list for PBXNativeTarget "Quizza" */;
			buildPhases = (
				6BEFE605280DCEFD000C5669 /* Sources */,
				6BEFE606280DCEFD000C5669 /* Frameworks */,
				6BEFE607280DCEFD000C5669 /* Resources */,
			);
			buildRules = (
			);
			dependencies = (
			);
			name = Quizza;
			packageProductDependencies = (
			);
			productName = Quizza;
			productReference = 6BEFE609280DCEFD000C5669 /* Quizza.app */;
			productType = "com.apple.product-type.application";
		};
/* End PBXNativeTarget section */

/* Begin PBXProject section */
		6BEFE601280DCEFD000C5669 /* Project object */ = {
			isa = PBXProject;
			attributes = {
				BuildIndependentTargetsInParallel = 1;
				LastSwiftUpdateCheck = 1310;
				LastUpgradeCheck = 1310;
				TargetAttributes = {
					6BEFE608280DCEFD000C5669 = {
						CreatedOnToolsVersion = 13.1;
					};
				};
			};
			buildConfigurationList = 6BEFE604280DCEFD000C5669 /* Build configuration list for PBXProject "Quizza" */;
			compatibilityVersion = "Xcode 13.0";
			developmentRegion = en;
			hasScannedForEncodings = 0;
			knownRegions = (
				en,
				Base,
			);
			mainGroup = 6BEFE600280DCEFD000C5669;
			packageReferences = (
			);
			productRefGroup = 6BEFE60A280DCEFD000C5669 /* Products */;
			projectDirPath = "";
			projectRoot = "";
			targets = (
				6BEFE608280DCEFD000C5669 /* Quizza */,
			);
		};
/* End PBXProject section */

/* Begin PBXResourcesBuildPhase section */
		6BEFE607280DCEFD000C5669 /* Resources */ = {
			isa = PBXResourcesBuildPhase;
			buildActionMask = 2147483647;
			files = (
				6B14CE53280F6B6B00E72D5C /* Jost-Bold.ttf in Resources */,
				6B14CE57280F6B8700E72D5C /* Jost-ExtraLight.ttf in Resources */,
				6B14CE59280F6B8E00E72D5C /* Jost-Italic.ttf in Resources */,
				6B14CE5F280F6BA000E72D5C /* Jost-SemiBold.ttf in Resources */,
				6B9A11DD281B3518001473A3 /* NatureQuestions.txt in Resources */,
				6B0D6F32282AD91A0098DB4B /* SportsQuestions.txt in Resources */,
				6B14CE5B280F6B9300E72D5C /* Jost-LightItalic.ttf in Resources */,
				6B14CE60280F6BA600E72D5C /* Jost-SemiBoldItalic.ttf in Resources */,
				6BEFE614280DCEFE000C5669 /* Preview Assets.xcassets in Resources */,
				6B14CE62280F6BAC00E72D5C /* Jost-ThinItalic.ttf in Resources */,
				6B14CE5E280F6B9B00E72D5C /* Jost-Regular.ttf in Resources */,
				6B14CE5D280F6B9900E72D5C /* Jost-MediumItalic.ttf in Resources */,
				6B14CE61280F6BA900E72D5C /* Jost-Thin.ttf in Resources */,
				6B14CE56280F6B8300E72D5C /* Jost-ExtraBoldItalic.ttf in Resources */,
				6B14CE58280F6B8A00E72D5C /* Jost-ExtraLightItalic.ttf in Resources */,
				6B14CE55280F6B8000E72D5C /* Jost-ExtraBold.ttf in Resources */,
				6B0D6F31282AD91A0098DB4B /* ScienceQuestions.txt in Resources */,
				6B14CE51280F6B6500E72D5C /* Jost-Black.ttf in Resources */,
				6B14CE5C280F6B9500E72D5C /* Jost-Medium.ttf in Resources */,
				6B14CE54280F6B6E00E72D5C /* Jost-BoldItalic.ttf in Resources */,
				6B14CE0F280F69A100E72D5C /* Jost-Italic-VariableFont_wght.ttf in Resources */,
				6BEFE611280DCEFE000C5669 /* Assets.xcassets in Resources */,
				6B14CE52280F6B6900E72D5C /* Jost-BlackItalic.ttf in Resources */,
				6B14CE0E280F69A100E72D5C /* Jost-VariableFont_wght.ttf in Resources */,
				6B14CE5A280F6B9000E72D5C /* Jost-Light.ttf in Resources */,
			);
			runOnlyForDeploymentPostprocessing = 0;
		};
/* End PBXResourcesBuildPhase section */

/* Begin PBXSourcesBuildPhase section */
		6BEFE605280DCEFD000C5669 /* Sources */ = {
			isa = PBXSourcesBuildPhase;
			buildActionMask = 2147483647;
			files = (
				6BA503D728187365002167E9 /* ColorView.swift in Sources */,
				6B0D6F37282AF9B00098DB4B /* SettingsView.swift in Sources */,
				6BEFE60F280DCEFD000C5669 /* ContentView.swift in Sources */,
				6BEFE60D280DCEFD000C5669 /* QuizzaApp.swift in Sources */,
			);
			runOnlyForDeploymentPostprocessing = 0;
		};
/* End PBXSourcesBuildPhase section */

/* Begin XCBuildConfiguration section */
		6BEFE615280DCEFE000C5669 /* Debug */ = {
			isa = XCBuildConfiguration;
			buildSettings = {
				ALWAYS_SEARCH_USER_PATHS = NO;
				CLANG_ANALYZER_NONNULL = YES;
				CLANG_ANALYZER_NUMBER_OBJECT_CONVERSION = YES_AGGRESSIVE;
				CLANG_CXX_LANGUAGE_STANDARD = "gnu++17";
				CLANG_CXX_LIBRARY = "libc++";
				CLANG_ENABLE_MODULES = YES;
				CLANG_ENABLE_OBJC_ARC = YES;
				CLANG_ENABLE_OBJC_WEAK = YES;
				CLANG_WARN_BLOCK_CAPTURE_AUTORELEASING = YES;
				CLANG_WARN_BOOL_CONVERSION = YES;
				CLANG_WARN_COMMA = YES;
				CLANG_WARN_CONSTANT_CONVERSION = YES;
				CLANG_WARN_DEPRECATED_OBJC_IMPLEMENTATIONS = YES;
				CLANG_WARN_DIRECT_OBJC_ISA_USAGE = YES_ERROR;
				CLANG_WARN_DOCUMENTATION_COMMENTS = YES;
				CLANG_WARN_EMPTY_BODY = YES;
				CLANG_WARN_ENUM_CONVERSION = YES;
				CLANG_WARN_INFINITE_RECURSION = YES;
				CLANG_WARN_INT_CONVERSION = YES;
				CLANG_WARN_NON_LITERAL_NULL_CONVERSION = YES;
				CLANG_WARN_OBJC_IMPLICIT_RETAIN_SELF = YES;
				CLANG_WARN_OBJC_LITERAL_CONVERSION = YES;
				CLANG_WARN_OBJC_ROOT_CLASS = YES_ERROR;
				CLANG_WARN_QUOTED_INCLUDE_IN_FRAMEWORK_HEADER = YES;
				CLANG_WARN_RANGE_LOOP_ANALYSIS = YES;
				CLANG_WARN_STRICT_PROTOTYPES = YES;
				CLANG_WARN_SUSPICIOUS_MOVE = YES;
				CLANG_WARN_UNGUARDED_AVAILABILITY = YES_AGGRESSIVE;
				CLANG_WARN_UNREACHABLE_CODE = YES;
				CLANG_WARN__DUPLICATE_METHOD_MATCH = YES;
				COPY_PHASE_STRIP = NO;
				DEBUG_INFORMATION_FORMAT = dwarf;
				ENABLE_STRICT_OBJC_MSGSEND = YES;
				ENABLE_TESTABILITY = YES;
				GCC_C_LANGUAGE_STANDARD = gnu11;
				GCC_DYNAMIC_NO_PIC = NO;
				GCC_NO_COMMON_BLOCKS = YES;
				GCC_OPTIMIZATION_LEVEL = 0;
				GCC_PREPROCESSOR_DEFINITIONS = (
					"DEBUG=1",
					"$(inherited)",
				);
				GCC_WARN_64_TO_32_BIT_CONVERSION = YES;
				GCC_WARN_ABOUT_RETURN_TYPE = YES_ERROR;
				GCC_WARN_UNDECLARED_SELECTOR = YES;
				GCC_WARN_UNINITIALIZED_AUTOS = YES_AGGRESSIVE;
				GCC_WARN_UNUSED_FUNCTION = YES;
				GCC_WARN_UNUSED_VARIABLE = YES;
				IPHONEOS_DEPLOYMENT_TARGET = 15.0;
				MTL_ENABLE_DEBUG_INFO = INCLUDE_SOURCE;
				MTL_FAST_MATH = YES;
				ONLY_ACTIVE_ARCH = YES;
				SDKROOT = iphoneos;
				SWIFT_ACTIVE_COMPILATION_CONDITIONS = DEBUG;
				SWIFT_OPTIMIZATION_LEVEL = "-Onone";
			};
			name = Debug;
		};
		6BEFE616280DCEFE000C5669 /* Release */ = {
			isa = XCBuildConfiguration;
			buildSettings = {
				ALWAYS_SEARCH_USER_PATHS = NO;
				CLANG_ANALYZER_NONNULL = YES;
				CLANG_ANALYZER_NUMBER_OBJECT_CONVERSION = YES_AGGRESSIVE;
				CLANG_CXX_LANGUAGE_STANDARD = "gnu++17";
				CLANG_CXX_LIBRARY = "libc++";
				CLANG_ENABLE_MODULES = YES;
				CLANG_ENABLE_OBJC_ARC = YES;
				CLANG_ENABLE_OBJC_WEAK = YES;
				CLANG_WARN_BLOCK_CAPTURE_AUTORELEASING = YES;
				CLANG_WARN_BOOL_CONVERSION = YES;
				CLANG_WARN_COMMA = YES;
				CLANG_WARN_CONSTANT_CONVERSION = YES;
				CLANG_WARN_DEPRECATED_OBJC_IMPLEMENTATIONS = YES;
				CLANG_WARN_DIRECT_OBJC_ISA_USAGE = YES_ERROR;
				CLANG_WARN_DOCUMENTATION_COMMENTS = YES;
				CLANG_WARN_EMPTY_BODY = YES;
				CLANG_WARN_ENUM_CONVERSION = YES;
				CLANG_WARN_INFINITE_RECURSION = YES;
				CLANG_WARN_INT_CONVERSION = YES;
				CLANG_WARN_NON_LITERAL_NULL_CONVERSION = YES;
				CLANG_WARN_OBJC_IMPLICIT_RETAIN_SELF = YES;
				CLANG_WARN_OBJC_LITERAL_CONVERSION = YES;
				CLANG_WARN_OBJC_ROOT_CLASS = YES_ERROR;
				CLANG_WARN_QUOTED_INCLUDE_IN_FRAMEWORK_HEADER = YES;
				CLANG_WARN_RANGE_LOOP_ANALYSIS = YES;
				CLANG_WARN_STRICT_PROTOTYPES = YES;
				CLANG_WARN_SUSPICIOUS_MOVE = YES;
				CLANG_WARN_UNGUARDED_AVAILABILITY = YES_AGGRESSIVE;
				CLANG_WARN_UNREACHABLE_CODE = YES;
				CLANG_WARN__DUPLICATE_METHOD_MATCH = YES;
				COPY_PHASE_STRIP = NO;
				DEBUG_INFORMATION_FORMAT = "dwarf-with-dsym";
				ENABLE_NS_ASSERTIONS = NO;
				ENABLE_STRICT_OBJC_MSGSEND = YES;
				GCC_C_LANGUAGE_STANDARD = gnu11;
				GCC_NO_COMMON_BLOCKS = YES;
				GCC_WARN_64_TO_32_BIT_CONVERSION = YES;
				GCC_WARN_ABOUT_RETURN_TYPE = YES_ERROR;
				GCC_WARN_UNDECLARED_SELECTOR = YES;
				GCC_WARN_UNINITIALIZED_AUTOS = YES_AGGRESSIVE;
				GCC_WARN_UNUSED_FUNCTION = YES;
				GCC_WARN_UNUSED_VARIABLE = YES;
				IPHONEOS_DEPLOYMENT_TARGET = 15.0;
				MTL_ENABLE_DEBUG_INFO = NO;
				MTL_FAST_MATH = YES;
				SDKROOT = iphoneos;
				SWIFT_COMPILATION_MODE = wholemodule;
				SWIFT_OPTIMIZATION_LEVEL = "-O";
				VALIDATE_PRODUCT = YES;
			};
			name = Release;
		};
		6BEFE618280DCEFE000C5669 /* Debug */ = {
			isa = XCBuildConfiguration;
			buildSettings = {
				ASSETCATALOG_COMPILER_APPICON_NAME = AppIcon;
				ASSETCATALOG_COMPILER_GLOBAL_ACCENT_COLOR_NAME = AccentColor;
				CODE_SIGN_STYLE = Automatic;
				CURRENT_PROJECT_VERSION = 1;
				DEVELOPMENT_ASSET_PATHS = "\"Quizza/Preview Content\"";
				DEVELOPMENT_TEAM = 6ATM8KJ47N;
				ENABLE_PREVIEWS = YES;
				GENERATE_INFOPLIST_FILE = YES;
				INFOPLIST_FILE = Quizza/Info.plist;
				INFOPLIST_KEY_UIApplicationSceneManifest_Generation = YES;
				INFOPLIST_KEY_UIApplicationSupportsIndirectInputEvents = YES;
				INFOPLIST_KEY_UILaunchScreen_Generation = YES;
				INFOPLIST_KEY_UISupportedInterfaceOrientations_iPad = "UIInterfaceOrientationPortrait UIInterfaceOrientationPortraitUpsideDown UIInterfaceOrientationLandscapeLeft UIInterfaceOrientationLandscapeRight";
				INFOPLIST_KEY_UISupportedInterfaceOrientations_iPhone = "UIInterfaceOrientationPortrait UIInterfaceOrientationLandscapeLeft UIInterfaceOrientationLandscapeRight";
				LD_RUNPATH_SEARCH_PATHS = (
					"$(inherited)",
					"@executable_path/Frameworks",
				);
				MARKETING_VERSION = 1.0;
				PRODUCT_BUNDLE_IDENTIFIER = com.paul.Quizza;
				PRODUCT_NAME = "$(TARGET_NAME)";
				SWIFT_EMIT_LOC_STRINGS = YES;
				SWIFT_VERSION = 5.0;
				TARGETED_DEVICE_FAMILY = "1,2";
			};
			name = Debug;
		};
		6BEFE619280DCEFE000C5669 /* Release */ = {
			isa = XCBuildConfiguration;
			buildSettings = {
				ASSETCATALOG_COMPILER_APPICON_NAME = AppIcon;
				ASSETCATALOG_COMPILER_GLOBAL_ACCENT_COLOR_NAME = AccentColor;
				CODE_SIGN_STYLE = Automatic;
				CURRENT_PROJECT_VERSION = 1;
				DEVELOPMENT_ASSET_PATHS = "\"Quizza/Preview Content\"";
				DEVELOPMENT_TEAM = 6ATM8KJ47N;
				ENABLE_PREVIEWS = YES;
				GENERATE_INFOPLIST_FILE = YES;
				INFOPLIST_FILE = Quizza/Info.plist;
				INFOPLIST_KEY_UIApplicationSceneManifest_Generation = YES;
				INFOPLIST_KEY_UIApplicationSupportsIndirectInputEvents = YES;
				INFOPLIST_KEY_UILaunchScreen_Generation = YES;
				INFOPLIST_KEY_UISupportedInterfaceOrientations_iPad = "UIInterfaceOrientationPortrait UIInterfaceOrientationPortraitUpsideDown UIInterfaceOrientationLandscapeLeft UIInterfaceOrientationLandscapeRight";
				INFOPLIST_KEY_UISupportedInterfaceOrientations_iPhone = "UIInterfaceOrientationPortrait UIInterfaceOrientationLandscapeLeft UIInterfaceOrientationLandscapeRight";
				LD_RUNPATH_SEARCH_PATHS = (
					"$(inherited)",
					"@executable_path/Frameworks",
				);
				MARKETING_VERSION = 1.0;
				PRODUCT_BUNDLE_IDENTIFIER = com.paul.Quizza;
				PRODUCT_NAME = "$(TARGET_NAME)";
				SWIFT_EMIT_LOC_STRINGS = YES;
				SWIFT_VERSION = 5.0;
				TARGETED_DEVICE_FAMILY = "1,2";
			};
			name = Release;
		};
/* End XCBuildConfiguration section */

/* Begin XCConfigurationList section */
		6BEFE604280DCEFD000C5669 /* Build configuration list for PBXProject "Quizza" */ = {
			isa = XCConfigurationList;
			buildConfigurations = (
				6BEFE615280DCEFE000C5669 /* Debug */,
				6BEFE616280DCEFE000C5669 /* Release */,
			);
			defaultConfigurationIsVisible = 0;
			defaultConfigurationName = Release;
		};
		6BEFE617280DCEFE000C5669 /* Build configuration list for PBXNativeTarget "Quizza" */ = {
			isa = XCConfigurationList;
			buildConfigurations = (
				6BEFE618280DCEFE000C5669 /* Debug */,
				6BEFE619280DCEFE000C5669 /* Release */,
			);
			defaultConfigurationIsVisible = 0;
			defaultConfigurationName = Release;
		};
/* End XCConfigurationList section */
	};
	rootObject = 6BEFE601280DCEFD000C5669 /* Project object */;
}
